
Microsoft Visual Studio Solution File, Format Version 12.00
# Visual Studio Version 16
VisualStudioVersion = 16.0.31729.503
MinimumVisualStudioVersion = 10.0.40219.1
Project("{FAE04EC0-301F-11D3-BF4B-00C04F79EFBC}") = "yazlab_proje1", "yazlab_proje1\yazlab_proje1.csproj", "{A0449976-91AE-485A-9848-53BC06A62F8D}"
EndProject
Global
	GlobalSection(SolutionConfigurationPlatforms) = preSolution
		Debug|Any CPU = Debug|Any CPU
		Release|Any CPU = Release|Any CPU
	EndGlobalSection
	GlobalSection(ProjectConfigurationPlatforms) = postSolution
		{A0449976-91AE-485A-9848-53BC06A62F8D}.Debug|Any CPU.ActiveCfg = Debug|Any CPU
		{A0449976-91AE-485A-9848-53BC06A62F8D}.Debug|Any CPU.Build.0 = Debug|Any CPU
		{A0449976-91AE-485A-9848-53BC06A62F8D}.Release|Any CPU.ActiveCfg = Release|Any CPU
		{A0449976-91AE-485A-9848-53BC06A62F8D}.Release|Any CPU.Build.0 = Release|Any CPU
	EndGlobalSection
	GlobalSection(SolutionProperties) = preSolution
		HideSolutionNode = FALSE
	EndGlobalSection
	GlobalSection(ExtensibilityGlobals) = postSolution
		SolutionGuid = {8EB4460E-7BDF-45B1-A279-434C5529F409}
	EndGlobalSection
EndGlobal
